
Microsoft Visual Studio Solution File, Format Version 12.00
# Visual Studio Version 16
VisualStudioVersion = 16.0.28902.138
MinimumVisualStudioVersion = 10.0.40219.1
Project("{FAE04EC0-301F-11D3-BF4B-00C04F79EFBC}") = "CachingMetReddis", "CachingMetReddis\CachingMetReddis.csproj", "{58F77133-326D-4667-8135-9CF96F82148F}"
EndProject
Global
	GlobalSection(SolutionConfigurationPlatforms) = preSolution
		Debug|Any CPU = Debug|Any CPU
		Release|Any CPU = Release|Any CPU
	EndGlobalSection
	GlobalSection(ProjectConfigurationPlatforms) = postSolution
		{58F77133-326D-4667-8135-9CF96F82148F}.Debug|Any CPU.ActiveCfg = Debug|Any CPU
		{58F77133-326D-4667-8135-9CF96F82148F}.Debug|Any CPU.Build.0 = Debug|Any CPU
		{58F77133-326D-4667-8135-9CF96F82148F}.Release|Any CPU.ActiveCfg = Release|Any CPU
		{58F77133-326D-4667-8135-9CF96F82148F}.Release|Any CPU.Build.0 = Release|Any CPU
	EndGlobalSection
	GlobalSection(SolutionProperties) = preSolution
		HideSolutionNode = FALSE
	EndGlobalSection
	GlobalSection(ExtensibilityGlobals) = postSolution
		SolutionGuid = {D5759D28-A113-40DA-BB56-8D0551CBDD14}
	EndGlobalSection
EndGlobal
